
Microsoft Visual Studio Solution File, Format Version 12.00
# Visual Studio 2015
Project("{FAE04EC0-301F-11D3-BF4B-00C04F79EFBC}") = "WorkShopPractice.Plugins", "WorkShopPractice.Plugins.csproj", "{5E1C4669-2EC4-8561-0A24-043319A86560}"
EndProject
Project("{FAE04EC0-301F-11D3-BF4B-00C04F79EFBC}") = "WorkShopPractice", "WorkShopPractice.csproj", "{EB87881A-3010-B822-0D3D-D13D741B0F7A}"
EndProject
Project("{FAE04EC0-301F-11D3-BF4B-00C04F79EFBC}") = "WorkShopPractice.Editor.Plugins", "WorkShopPractice.Editor.Plugins.csproj", "{1B397E4F-B899-E058-200E-6D549E076AA6}"
EndProject
Global
	GlobalSection(SolutionConfigurationPlatforms) = preSolution
		Debug|Any CPU = Debug|Any CPU
		Release|Any CPU = Release|Any CPU
	EndGlobalSection
	GlobalSection(ProjectConfigurationPlatforms) = postSolution
		{5E1C4669-2EC4-8561-0A24-043319A86560}.Debug|Any CPU.ActiveCfg = Debug|Any CPU
		{5E1C4669-2EC4-8561-0A24-043319A86560}.Debug|Any CPU.Build.0 = Debug|Any CPU
		{5E1C4669-2EC4-8561-0A24-043319A86560}.Release|Any CPU.ActiveCfg = Release|Any CPU
		{5E1C4669-2EC4-8561-0A24-043319A86560}.Release|Any CPU.Build.0 = Release|Any CPU
		{EB87881A-3010-B822-0D3D-D13D741B0F7A}.Debug|Any CPU.ActiveCfg = Debug|Any CPU
		{EB87881A-3010-B822-0D3D-D13D741B0F7A}.Debug|Any CPU.Build.0 = Debug|Any CPU
		{EB87881A-3010-B822-0D3D-D13D741B0F7A}.Release|Any CPU.ActiveCfg = Release|Any CPU
		{EB87881A-3010-B822-0D3D-D13D741B0F7A}.Release|Any CPU.Build.0 = Release|Any CPU
		{1B397E4F-B899-E058-200E-6D549E076AA6}.Debug|Any CPU.ActiveCfg = Debug|Any CPU
		{1B397E4F-B899-E058-200E-6D549E076AA6}.Debug|Any CPU.Build.0 = Debug|Any CPU
		{1B397E4F-B899-E058-200E-6D549E076AA6}.Release|Any CPU.ActiveCfg = Release|Any CPU
		{1B397E4F-B899-E058-200E-6D549E076AA6}.Release|Any CPU.Build.0 = Release|Any CPU
	EndGlobalSection
	GlobalSection(SolutionProperties) = preSolution
		HideSolutionNode = FALSE
	EndGlobalSection
EndGlobal
